// !$*UTF8*$!
{
	archiveVersion = 1;
	classes = {
	};
	objectVersion = 46;
	objects = {

/* Begin PBXBuildFile section */
		546CB7101EA0A2C60048ADAB /* Assets.xcassets in Resources */ = {isa = PBXBuildFile; fileRef = 546CB70F1EA0A2C60048ADAB /* Assets.xcassets */; };
		546CB7131EA0A2C60048ADAB /* LaunchScreen.storyboard in Resources */ = {isa = PBXBuildFile; fileRef = 546CB7111EA0A2C60048ADAB /* LaunchScreen.storyboard */; };
		546CB7391EA0A57D0048ADAB /* AppDelegate.m in Sources */ = {isa = PBXBuildFile; fileRef = 546CB72D1EA0A57D0048ADAB /* AppDelegate.m */; };
		546CB73A1EA0A57D0048ADAB /* main.m in Sources */ = {isa = PBXBuildFile; fileRef = 546CB72E1EA0A57D0048ADAB /* main.m */; };
		546CB7431EA0AC1B0048ADAB /* MXTabBarController.m in Sources */ = {isa = PBXBuildFile; fileRef = 546CB7421EA0AC1B0048ADAB /* MXTabBarController.m */; };
		546CB7461EA0AC250048ADAB /* MXTabBar.m in Sources */ = {isa = PBXBuildFile; fileRef = 546CB7451EA0AC250048ADAB /* MXTabBar.m */; };
		546CB7491EA0B5480048ADAB /* MXBaseViewController.m in Sources */ = {isa = PBXBuildFile; fileRef = 546CB7481EA0B5480048ADAB /* MXBaseViewController.m */; };
		546CB74D1EA0B5A10048ADAB /* MXMainViewController.m in Sources */ = {isa = PBXBuildFile; fileRef = 546CB74B1EA0B5A10048ADAB /* MXMainViewController.m */; };
		546CB74E1EA0B5A10048ADAB /* MXMainViewController.xib in Resources */ = {isa = PBXBuildFile; fileRef = 546CB74C1EA0B5A10048ADAB /* MXMainViewController.xib */; };
		546CB7521EA0B5AE0048ADAB /* MXProfileViewController.m in Sources */ = {isa = PBXBuildFile; fileRef = 546CB7501EA0B5AE0048ADAB /* MXProfileViewController.m */; };
		546CB7531EA0B5AE0048ADAB /* MXProfileViewController.xib in Resources */ = {isa = PBXBuildFile; fileRef = 546CB7511EA0B5AE0048ADAB /* MXProfileViewController.xib */; };
		546CB7591EA0B6BD0048ADAB /* MXBaseNavigationController.m in Sources */ = {isa = PBXBuildFile; fileRef = 546CB7581EA0B6BD0048ADAB /* MXBaseNavigationController.m */; };
		546CB7621EA0C32F0048ADAB /* MXLaunchViewController.m in Sources */ = {isa = PBXBuildFile; fileRef = 546CB7601EA0C32F0048ADAB /* MXLaunchViewController.m */; };
		546CB7631EA0C32F0048ADAB /* MXLaunchViewController.xib in Resources */ = {isa = PBXBuildFile; fileRef = 546CB7611EA0C32F0048ADAB /* MXLaunchViewController.xib */; };
		546CB7671EA0CA3F0048ADAB /* MXFocusViewController.m in Sources */ = {isa = PBXBuildFile; fileRef = 546CB7651EA0CA3F0048ADAB /* MXFocusViewController.m */; };
		546CB7681EA0CA3F0048ADAB /* MXFocusViewController.xib in Resources */ = {isa = PBXBuildFile; fileRef = 546CB7661EA0CA3F0048ADAB /* MXFocusViewController.xib */; };
		546CB76C1EA0CA4C0048ADAB /* MXHotViewController.m in Sources */ = {isa = PBXBuildFile; fileRef = 546CB76A1EA0CA4C0048ADAB /* MXHotViewController.m */; };
		546CB7711EA0CA570048ADAB /* MXNearViewController.m in Sources */ = {isa = PBXBuildFile; fileRef = 546CB76F1EA0CA570048ADAB /* MXNearViewController.m */; };
		546CB7721EA0CA570048ADAB /* MXNearViewController.xib in Resources */ = {isa = PBXBuildFile; fileRef = 546CB7701EA0CA570048ADAB /* MXNearViewController.xib */; };
		546CB7751EA0D4C50048ADAB /* MXMainTopView.m in Sources */ = {isa = PBXBuildFile; fileRef = 546CB7741EA0D4C50048ADAB /* MXMainTopView.m */; };
		546CB77B1EA13A240048ADAB /* KBHttpTool.m in Sources */ = {isa = PBXBuildFile; fileRef = 546CB77A1EA13A240048ADAB /* KBHttpTool.m */; };
		546CB77E1EA13EA80048ADAB /* MXBaseHandler.m in Sources */ = {isa = PBXBuildFile; fileRef = 546CB77D1EA13EA80048ADAB /* MXBaseHandler.m */; };
		546CB7811EA13F4A0048ADAB /* MXLiveHandler.m in Sources */ = {isa = PBXBuildFile; fileRef = 546CB7801EA13F4A0048ADAB /* MXLiveHandler.m */; };
		546CB7841EA141BB0048ADAB /* MXNetworkEngine.m in Sources */ = {isa = PBXBuildFile; fileRef = 546CB7831EA141BB0048ADAB /* MXNetworkEngine.m */; };
		546CB78A1EA1497F0048ADAB /* MXLive.m in Sources */ = {isa = PBXBuildFile; fileRef = 546CB7891EA1497F0048ADAB /* MXLive.m */; };
		546CB78D1EA149C70048ADAB /* MXCreator.m in Sources */ = {isa = PBXBuildFile; fileRef = 546CB78C1EA149C70048ADAB /* MXCreator.m */; };
		546CB7901EA14A990048ADAB /* MXMJExtensionConfig.m in Sources */ = {isa = PBXBuildFile; fileRef = 546CB78F1EA14A990048ADAB /* MXMJExtensionConfig.m */; };
		546CB7941EA1501B0048ADAB /* MXLiveCell.m in Sources */ = {isa = PBXBuildFile; fileRef = 546CB7921EA1501B0048ADAB /* MXLiveCell.m */; };
		546CB7951EA1501B0048ADAB /* MXLiveCell.xib in Resources */ = {isa = PBXBuildFile; fileRef = 546CB7931EA1501B0048ADAB /* MXLiveCell.xib */; };
		546CB7991EA163140048ADAB /* AudioToolbox.framework in Frameworks */ = {isa = PBXBuildFile; fileRef = 546CB7981EA163140048ADAB /* AudioToolbox.framework */; };
		546CB79B1EA1631C0048ADAB /* AVFoundation.framework in Frameworks */ = {isa = PBXBuildFile; fileRef = 546CB79A1EA1631C0048ADAB /* AVFoundation.framework */; };
		546CB79D1EA163260048ADAB /* CoreGraphics.framework in Frameworks */ = {isa = PBXBuildFile; fileRef = 546CB79C1EA163260048ADAB /* CoreGraphics.framework */; };
		546CB79F1EA1632E0048ADAB /* CoreMedia.framework in Frameworks */ = {isa = PBXBuildFile; fileRef = 546CB79E1EA1632E0048ADAB /* CoreMedia.framework */; };
		546CB7A11EA163360048ADAB /* CoreVideo.framework in Frameworks */ = {isa = PBXBuildFile; fileRef = 546CB7A01EA163360048ADAB /* CoreVideo.framework */; };
		546CB7A31EA1633E0048ADAB /* libbz2.tbd in Frameworks */ = {isa = PBXBuildFile; fileRef = 546CB7A21EA1633E0048ADAB /* libbz2.tbd */; };
		546CB7A51EA163450048ADAB /* libz.tbd in Frameworks */ = {isa = PBXBuildFile; fileRef = 546CB7A41EA163450048ADAB /* libz.tbd */; };
		546CB7A71EA163500048ADAB /* MediaPlayer.framework in Frameworks */ = {isa = PBXBuildFile; fileRef = 546CB7A61EA163500048ADAB /* MediaPlayer.framework */; };
		546CB7A91EA1635D0048ADAB /* MobileCoreServices.framework in Frameworks */ = {isa = PBXBuildFile; fileRef = 546CB7A81EA1635D0048ADAB /* MobileCoreServices.framework */; };
		546CB7AB1EA163650048ADAB /* OpenGLES.framework in Frameworks */ = {isa = PBXBuildFile; fileRef = 546CB7AA1EA163650048ADAB /* OpenGLES.framework */; };
		546CB7AD1EA1636D0048ADAB /* QuartzCore.framework in Frameworks */ = {isa = PBXBuildFile; fileRef = 546CB7AC1EA1636D0048ADAB /* QuartzCore.framework */; };
		546CB7AF1EA163790048ADAB /* UIKit.framework in Frameworks */ = {isa = PBXBuildFile; fileRef = 546CB7AE1EA163790048ADAB /* UIKit.framework */; };
		546CB7B11EA163800048ADAB /* VideoToolbox.framework in Frameworks */ = {isa = PBXBuildFile; fileRef = 546CB7B01EA163800048ADAB /* VideoToolbox.framework */; };
		546CB7B51EA167CA0048ADAB /* IJKMediaFramework.framework in Frameworks */ = {isa = PBXBuildFile; fileRef = 546CB7B41EA167C90048ADAB /* IJKMediaFramework.framework */; };
		546CB7B81EA168400048ADAB /* MXPlayerViewController.m in Sources */ = {isa = PBXBuildFile; fileRef = 546CB7B71EA168400048ADAB /* MXPlayerViewController.m */; };
		6D645A60C7CA29773BF83055 /* libPods-MXInke.a in Frameworks */ = {isa = PBXBuildFile; fileRef = 5B716B2427701A20A42B6026 /* libPods-MXInke.a */; };
/* End PBXBuildFile section */

/* Begin PBXFileReference section */
		546CB7001EA0A2C60048ADAB /* MXInke.app */ = {isa = PBXFileReference; explicitFileType = wrapper.application; includeInIndex = 0; path = MXInke.app; sourceTree = BUILT_PRODUCTS_DIR; };
		546CB70F1EA0A2C60048ADAB /* Assets.xcassets */ = {isa = PBXFileReference; lastKnownFileType = folder.assetcatalog; path = Assets.xcassets; sourceTree = "<group>"; };
		546CB7121EA0A2C60048ADAB /* Base */ = {isa = PBXFileReference; lastKnownFileType = file.storyboard; name = Base; path = Base.lproj/LaunchScreen.storyboard; sourceTree = "<group>"; };
		546CB7141EA0A2C60048ADAB /* Info.plist */ = {isa = PBXFileReference; lastKnownFileType = text.plist.xml; path = Info.plist; sourceTree = "<group>"; };
		546CB72C1EA0A57D0048ADAB /* AppDelegate.h */ = {isa = PBXFileReference; fileEncoding = 4; lastKnownFileType = sourcecode.c.h; path = AppDelegate.h; sourceTree = "<group>"; };
		546CB72D1EA0A57D0048ADAB /* AppDelegate.m */ = {isa = PBXFileReference; fileEncoding = 4; lastKnownFileType = sourcecode.c.objc; path = AppDelegate.m; sourceTree = "<group>"; };
		546CB72E1EA0A57D0048ADAB /* main.m */ = {isa = PBXFileReference; fileEncoding = 4; lastKnownFileType = sourcecode.c.objc; path = main.m; sourceTree = "<group>"; };
		546CB73C1EA0AA710048ADAB /* Inke.pch */ = {isa = PBXFileReference; lastKnownFileType = sourcecode.c.h; path = Inke.pch; sourceTree = "<group>"; };
		546CB7401EA0AAF70048ADAB /* MXMacros.h */ = {isa = PBXFileReference; lastKnownFileType = sourcecode.c.h; path = MXMacros.h; sourceTree = "<group>"; };
		546CB7411EA0AC1B0048ADAB /* MXTabBarController.h */ = {isa = PBXFileReference; fileEncoding = 4; lastKnownFileType = sourcecode.c.h; path = MXTabBarController.h; sourceTree = "<group>"; };
		546CB7421EA0AC1B0048ADAB /* MXTabBarController.m */ = {isa = PBXFileReference; fileEncoding = 4; lastKnownFileType = sourcecode.c.objc; path = MXTabBarController.m; sourceTree = "<group>"; };
		546CB7441EA0AC250048ADAB /* MXTabBar.h */ = {isa = PBXFileReference; fileEncoding = 4; lastKnownFileType = sourcecode.c.h; path = MXTabBar.h; sourceTree = "<group>"; };
		546CB7451EA0AC250048ADAB /* MXTabBar.m */ = {isa = PBXFileReference; fileEncoding = 4; lastKnownFileType = sourcecode.c.objc; path = MXTabBar.m; sourceTree = "<group>"; };
		546CB7471EA0B5480048ADAB /* MXBaseViewController.h */ = {isa = PBXFileReference; fileEncoding = 4; lastKnownFileType = sourcecode.c.h; path = MXBaseViewController.h; sourceTree = "<group>"; };
		546CB7481EA0B5480048ADAB /* MXBaseViewController.m */ = {isa = PBXFileReference; fileEncoding = 4; lastKnownFileType = sourcecode.c.objc; path = MXBaseViewController.m; sourceTree = "<group>"; };
		546CB74A1EA0B5A10048ADAB /* MXMainViewController.h */ = {isa = PBXFileReference; fileEncoding = 4; lastKnownFileType = sourcecode.c.h; path = MXMainViewController.h; sourceTree = "<group>"; };
		546CB74B1EA0B5A10048ADAB /* MXMainViewController.m */ = {isa = PBXFileReference; fileEncoding = 4; lastKnownFileType = sourcecode.c.objc; path = MXMainViewController.m; sourceTree = "<group>"; };
		546CB74C1EA0B5A10048ADAB /* MXMainViewController.xib */ = {isa = PBXFileReference; fileEncoding = 4; lastKnownFileType = file.xib; path = MXMainViewController.xib; sourceTree = "<group>"; };
		546CB74F1EA0B5AE0048ADAB /* MXProfileViewController.h */ = {isa = PBXFileReference; fileEncoding = 4; lastKnownFileType = sourcecode.c.h; path = MXProfileViewController.h; sourceTree = "<group>"; };
		546CB7501EA0B5AE0048ADAB /* MXProfileViewController.m */ = {isa = PBXFileReference; fileEncoding = 4; lastKnownFileType = sourcecode.c.objc; path = MXProfileViewController.m; sourceTree = "<group>"; };
		546CB7511EA0B5AE0048ADAB /* MXProfileViewController.xib */ = {isa = PBXFileReference; fileEncoding = 4; lastKnownFileType = file.xib; path = MXProfileViewController.xib; sourceTree = "<group>"; };
		546CB7571EA0B6BD0048ADAB /* MXBaseNavigationController.h */ = {isa = PBXFileReference; fileEncoding = 4; lastKnownFileType = sourcecode.c.h; path = MXBaseNavigationController.h; sourceTree = "<group>"; };
		546CB7581EA0B6BD0048ADAB /* MXBaseNavigationController.m */ = {isa = PBXFileReference; fileEncoding = 4; lastKnownFileType = sourcecode.c.objc; path = MXBaseNavigationController.m; sourceTree = "<group>"; };
		546CB75F1EA0C32F0048ADAB /* MXLaunchViewController.h */ = {isa = PBXFileReference; fileEncoding = 4; lastKnownFileType = sourcecode.c.h; path = MXLaunchViewController.h; sourceTree = "<group>"; };
		546CB7601EA0C32F0048ADAB /* MXLaunchViewController.m */ = {isa = PBXFileReference; fileEncoding = 4; lastKnownFileType = sourcecode.c.objc; path = MXLaunchViewController.m; sourceTree = "<group>"; };
		546CB7611EA0C32F0048ADAB /* MXLaunchViewController.xib */ = {isa = PBXFileReference; fileEncoding = 4; lastKnownFileType = file.xib; path = MXLaunchViewController.xib; sourceTree = "<group>"; };
		546CB7641EA0CA3F0048ADAB /* MXFocusViewController.h */ = {isa = PBXFileReference; fileEncoding = 4; lastKnownFileType = sourcecode.c.h; path = MXFocusViewController.h; sourceTree = "<group>"; };
		546CB7651EA0CA3F0048ADAB /* MXFocusViewController.m */ = {isa = PBXFileReference; fileEncoding = 4; lastKnownFileType = sourcecode.c.objc; path = MXFocusViewController.m; sourceTree = "<group>"; };
		546CB7661EA0CA3F0048ADAB /* MXFocusViewController.xib */ = {isa = PBXFileReference; fileEncoding = 4; lastKnownFileType = file.xib; path = MXFocusViewController.xib; sourceTree = "<group>"; };
		546CB7691EA0CA4C0048ADAB /* MXHotViewController.h */ = {isa = PBXFileReference; fileEncoding = 4; lastKnownFileType = sourcecode.c.h; path = MXHotViewController.h; sourceTree = "<group>"; };
		546CB76A1EA0CA4C0048ADAB /* MXHotViewController.m */ = {isa = PBXFileReference; fileEncoding = 4; lastKnownFileType = sourcecode.c.objc; path = MXHotViewController.m; sourceTree = "<group>"; };
		546CB76E1EA0CA570048ADAB /* MXNearViewController.h */ = {isa = PBXFileReference; fileEncoding = 4; lastKnownFileType = sourcecode.c.h; path = MXNearViewController.h; sourceTree = "<group>"; };
		546CB76F1EA0CA570048ADAB /* MXNearViewController.m */ = {isa = PBXFileReference; fileEncoding = 4; lastKnownFileType = sourcecode.c.objc; path = MXNearViewController.m; sourceTree = "<group>"; };
		546CB7701EA0CA570048ADAB /* MXNearViewController.xib */ = {isa = PBXFileReference; fileEncoding = 4; lastKnownFileType = file.xib; path = MXNearViewController.xib; sourceTree = "<group>"; };
		546CB7731EA0D4C50048ADAB /* MXMainTopView.h */ = {isa = PBXFileReference; fileEncoding = 4; lastKnownFileType = sourcecode.c.h; path = MXMainTopView.h; sourceTree = "<group>"; };
		546CB7741EA0D4C50048ADAB /* MXMainTopView.m */ = {isa = PBXFileReference; fileEncoding = 4; lastKnownFileType = sourcecode.c.objc; path = MXMainTopView.m; sourceTree = "<group>"; };
		546CB7761EA135330048ADAB /* MXAPIConfig.h */ = {isa = PBXFileReference; fileEncoding = 4; lastKnownFileType = sourcecode.c.h; path = MXAPIConfig.h; sourceTree = "<group>"; };
		546CB7791EA13A240048ADAB /* KBHttpTool.h */ = {isa = PBXFileReference; fileEncoding = 4; lastKnownFileType = sourcecode.c.h; path = KBHttpTool.h; sourceTree = "<group>"; };
		546CB77A1EA13A240048ADAB /* KBHttpTool.m */ = {isa = PBXFileReference; fileEncoding = 4; lastKnownFileType = sourcecode.c.objc; path = KBHttpTool.m; sourceTree = "<group>"; };
		546CB77C1EA13EA80048ADAB /* MXBaseHandler.h */ = {isa = PBXFileReference; fileEncoding = 4; lastKnownFileType = sourcecode.c.h; path = MXBaseHandler.h; sourceTree = "<group>"; };
		546CB77D1EA13EA80048ADAB /* MXBaseHandler.m */ = {isa = PBXFileReference; fileEncoding = 4; lastKnownFileType = sourcecode.c.objc; path = MXBaseHandler.m; sourceTree = "<group>"; };
		546CB77F1EA13F4A0048ADAB /* MXLiveHandler.h */ = {isa = PBXFileReference; fileEncoding = 4; lastKnownFileType = sourcecode.c.h; path = MXLiveHandler.h; sourceTree = "<group>"; };
		546CB7801EA13F4A0048ADAB /* MXLiveHandler.m */ = {isa = PBXFileReference; fileEncoding = 4; lastKnownFileType = sourcecode.c.objc; path = MXLiveHandler.m; sourceTree = "<group>"; };
		546CB7821EA141BB0048ADAB /* MXNetworkEngine.h */ = {isa = PBXFileReference; fileEncoding = 4; lastKnownFileType = sourcecode.c.h; path = MXNetworkEngine.h; sourceTree = "<group>"; };
		546CB7831EA141BB0048ADAB /* MXNetworkEngine.m */ = {isa = PBXFileReference; fileEncoding = 4; lastKnownFileType = sourcecode.c.objc; path = MXNetworkEngine.m; sourceTree = "<group>"; };
		546CB7881EA1497F0048ADAB /* MXLive.h */ = {isa = PBXFileReference; fileEncoding = 4; lastKnownFileType = sourcecode.c.h; path = MXLive.h; sourceTree = "<group>"; };
		546CB7891EA1497F0048ADAB /* MXLive.m */ = {isa = PBXFileReference; fileEncoding = 4; lastKnownFileType = sourcecode.c.objc; path = MXLive.m; sourceTree = "<group>"; };
		546CB78B1EA149C70048ADAB /* MXCreator.h */ = {isa = PBXFileReference; fileEncoding = 4; lastKnownFileType = sourcecode.c.h; path = MXCreator.h; sourceTree = "<group>"; };
		546CB78C1EA149C70048ADAB /* MXCreator.m */ = {isa = PBXFileReference; fileEncoding = 4; lastKnownFileType = sourcecode.c.objc; path = MXCreator.m; sourceTree = "<group>"; };
		546CB78E1EA14A990048ADAB /* MXMJExtensionConfig.h */ = {isa = PBXFileReference; fileEncoding = 4; lastKnownFileType = sourcecode.c.h; path = MXMJExtensionConfig.h; sourceTree = "<group>"; };
		546CB78F1EA14A990048ADAB /* MXMJExtensionConfig.m */ = {isa = PBXFileReference; fileEncoding = 4; lastKnownFileType = sourcecode.c.objc; path = MXMJExtensionConfig.m; sourceTree = "<group>"; };
		546CB7911EA1501B0048ADAB /* MXLiveCell.h */ = {isa = PBXFileReference; fileEncoding = 4; lastKnownFileType = sourcecode.c.h; path = MXLiveCell.h; sourceTree = "<group>"; };
		546CB7921EA1501B0048ADAB /* MXLiveCell.m */ = {isa = PBXFileReference; fileEncoding = 4; lastKnownFileType = sourcecode.c.objc; path = MXLiveCell.m; sourceTree = "<group>"; };
		546CB7931EA1501B0048ADAB /* MXLiveCell.xib */ = {isa = PBXFileReference; fileEncoding = 4; lastKnownFileType = file.xib; path = MXLiveCell.xib; sourceTree = "<group>"; };
		546CB7981EA163140048ADAB /* AudioToolbox.framework */ = {isa = PBXFileReference; lastKnownFileType = wrapper.framework; name = AudioToolbox.framework; path = System/Library/Frameworks/AudioToolbox.framework; sourceTree = SDKROOT; };
		546CB79A1EA1631C0048ADAB /* AVFoundation.framework */ = {isa = PBXFileReference; lastKnownFileType = wrapper.framework; name = AVFoundation.framework; path = System/Library/Frameworks/AVFoundation.framework; sourceTree = SDKROOT; };
		546CB79C1EA163260048ADAB /* CoreGraphics.framework */ = {isa = PBXFileReference; lastKnownFileType = wrapper.framework; name = CoreGraphics.framework; path = System/Library/Frameworks/CoreGraphics.framework; sourceTree = SDKROOT; };
		546CB79E1EA1632E0048ADAB /* CoreMedia.framework */ = {isa = PBXFileReference; lastKnownFileType = wrapper.framework; name = CoreMedia.framework; path = System/Library/Frameworks/CoreMedia.framework; sourceTree = SDKROOT; };
		546CB7A01EA163360048ADAB /* CoreVideo.framework */ = {isa = PBXFileReference; lastKnownFileType = wrapper.framework; name = CoreVideo.framework; path = System/Library/Frameworks/CoreVideo.framework; sourceTree = SDKROOT; };
		546CB7A21EA1633E0048ADAB /* libbz2.tbd */ = {isa = PBXFileReference; lastKnownFileType = "sourcecode.text-based-dylib-definition"; name = libbz2.tbd; path = usr/lib/libbz2.tbd; sourceTree = SDKROOT; };
		546CB7A41EA163450048ADAB /* libz.tbd */ = {isa = PBXFileReference; lastKnownFileType = "sourcecode.text-based-dylib-definition"; name = libz.tbd; path = usr/lib/libz.tbd; sourceTree = SDKROOT; };
		546CB7A61EA163500048ADAB /* MediaPlayer.framework */ = {isa = PBXFileReference; lastKnownFileType = wrapper.framework; name = MediaPlayer.framework; path = System/Library/Frameworks/MediaPlayer.framework; sourceTree = SDKROOT; };
		546CB7A81EA1635D0048ADAB /* MobileCoreServices.framework */ = {isa = PBXFileReference; lastKnownFileType = wrapper.framework; name = MobileCoreServices.framework; path = System/Library/Frameworks/MobileCoreServices.framework; sourceTree = SDKROOT; };
		546CB7AA1EA163650048ADAB /* OpenGLES.framework */ = {isa = PBXFileReference; lastKnownFileType = wrapper.framework; name = OpenGLES.framework; path = System/Library/Frameworks/OpenGLES.framework; sourceTree = SDKROOT; };
		546CB7AC1EA1636D0048ADAB /* QuartzCore.framework */ = {isa = PBXFileReference; lastKnownFileType = wrapper.framework; name = QuartzCore.framework; path = System/Library/Frameworks/QuartzCore.framework; sourceTree = SDKROOT; };
		546CB7AE1EA163790048ADAB /* UIKit.framework */ = {isa = PBXFileReference; lastKnownFileType = wrapper.framework; name = UIKit.framework; path = System/Library/Frameworks/UIKit.framework; sourceTree = SDKROOT; };
		546CB7B01EA163800048ADAB /* VideoToolbox.framework */ = {isa = PBXFileReference; lastKnownFileType = wrapper.framework; name = VideoToolbox.framework; path = System/Library/Frameworks/VideoToolbox.framework; sourceTree = SDKROOT; };
		546CB7B41EA167C90048ADAB /* IJKMediaFramework.framework */ = {isa = PBXFileReference; lastKnownFileType = wrapper.framework; path = IJKMediaFramework.framework; sourceTree = "<group>"; };
		546CB7B61EA168400048ADAB /* MXPlayerViewController.h */ = {isa = PBXFileReference; fileEncoding = 4; lastKnownFileType = sourcecode.c.h; path = MXPlayerViewController.h; sourceTree = "<group>"; };
		546CB7B71EA168400048ADAB /* MXPlayerViewController.m */ = {isa = PBXFileReference; fileEncoding = 4; lastKnownFileType = sourcecode.c.objc; path = MXPlayerViewController.m; sourceTree = "<group>"; };
		55B3FD7852124680F50FC64A /* Pods-MXInke.debug.xcconfig */ = {isa = PBXFileReference; includeInIndex = 1; lastKnownFileType = text.xcconfig; name = "Pods-MXInke.debug.xcconfig"; path = "Pods/Target Support Files/Pods-MXInke/Pods-MXInke.debug.xcconfig"; sourceTree = "<group>"; };
		5B716B2427701A20A42B6026 /* libPods-MXInke.a */ = {isa = PBXFileReference; explicitFileType = archive.ar; includeInIndex = 0; path = "libPods-MXInke.a"; sourceTree = BUILT_PRODUCTS_DIR; };
		A7FF7D48EA1713139D26E958 /* Pods-MXInke.release.xcconfig */ = {isa = PBXFileReference; includeInIndex = 1; lastKnownFileType = text.xcconfig; name = "Pods-MXInke.release.xcconfig"; path = "Pods/Target Support Files/Pods-MXInke/Pods-MXInke.release.xcconfig"; sourceTree = "<group>"; };
/* End PBXFileReference section */

/* Begin PBXFrameworksBuildPhase section */
		546CB6FD1EA0A2C60048ADAB /* Frameworks */ = {
			isa = PBXFrameworksBuildPhase;
			buildActionMask = 2147483647;
			files = (
				546CB7B11EA163800048ADAB /* VideoToolbox.framework in Frameworks */,
				546CB7AF1EA163790048ADAB /* UIKit.framework in Frameworks */,
				546CB7AD1EA1636D0048ADAB /* QuartzCore.framework in Frameworks */,
				546CB7B51EA167CA0048ADAB /* IJKMediaFramework.framework in Frameworks */,
				546CB7AB1EA163650048ADAB /* OpenGLES.framework in Frameworks */,
				546CB7A91EA1635D0048ADAB /* MobileCoreServices.framework in Frameworks */,
				546CB7A71EA163500048ADAB /* MediaPlayer.framework in Frameworks */,
				546CB7A51EA163450048ADAB /* libz.tbd in Frameworks */,
				546CB7A31EA1633E0048ADAB /* libbz2.tbd in Frameworks */,
				546CB7A11EA163360048ADAB /* CoreVideo.framework in Frameworks */,
				546CB79F1EA1632E0048ADAB /* CoreMedia.framework in Frameworks */,
				546CB79D1EA163260048ADAB /* CoreGraphics.framework in Frameworks */,
				546CB79B1EA1631C0048ADAB /* AVFoundation.framework in Frameworks */,
				546CB7991EA163140048ADAB /* AudioToolbox.framework in Frameworks */,
				6D645A60C7CA29773BF83055 /* libPods-MXInke.a in Frameworks */,
			);
			runOnlyForDeploymentPostprocessing = 0;
		};
/* End PBXFrameworksBuildPhase section */

/* Begin PBXGroup section */
		1B4B4A569D500C51ACA3C9EB /* Frameworks */ = {
			isa = PBXGroup;
			children = (
				546CB7B41EA167C90048ADAB /* IJKMediaFramework.framework */,
				546CB7B01EA163800048ADAB /* VideoToolbox.framework */,
				546CB7AE1EA163790048ADAB /* UIKit.framework */,
				546CB7AC1EA1636D0048ADAB /* QuartzCore.framework */,
				546CB7AA1EA163650048ADAB /* OpenGLES.framework */,
				546CB7A81EA1635D0048ADAB /* MobileCoreServices.framework */,
				546CB7A61EA163500048ADAB /* MediaPlayer.framework */,
				546CB7A41EA163450048ADAB /* libz.tbd */,
				546CB7A21EA1633E0048ADAB /* libbz2.tbd */,
				546CB7A01EA163360048ADAB /* CoreVideo.framework */,
				546CB79E1EA1632E0048ADAB /* CoreMedia.framework */,
				546CB79C1EA163260048ADAB /* CoreGraphics.framework */,
				546CB79A1EA1631C0048ADAB /* AVFoundation.framework */,
				546CB7981EA163140048ADAB /* AudioToolbox.framework */,
				5B716B2427701A20A42B6026 /* libPods-MXInke.a */,
			);
			name = Frameworks;
			sourceTree = "<group>";
		};
		546CB6F71EA0A2C60048ADAB = {
			isa = PBXGroup;
			children = (
				546CB7021EA0A2C60048ADAB /* MXInke */,
				546CB7011EA0A2C60048ADAB /* Products */,
				69A582D56B770B1B36670603 /* Pods */,
				1B4B4A569D500C51ACA3C9EB /* Frameworks */,
			);
			sourceTree = "<group>";
		};
		546CB7011EA0A2C60048ADAB /* Products */ = {
			isa = PBXGroup;
			children = (
				546CB7001EA0A2C60048ADAB /* MXInke.app */,
			);
			name = Products;
			sourceTree = "<group>";
		};
		546CB7021EA0A2C60048ADAB /* MXInke */ = {
			isa = PBXGroup;
			children = (
				546CB71A1EA0A57D0048ADAB /* Classes */,
				546CB7031EA0A2C60048ADAB /* Supporting Files */,
			);
			path = MXInke;
			sourceTree = "<group>";
		};
		546CB7031EA0A2C60048ADAB /* Supporting Files */ = {
			isa = PBXGroup;
			children = (
				546CB70F1EA0A2C60048ADAB /* Assets.xcassets */,
				546CB7111EA0A2C60048ADAB /* LaunchScreen.storyboard */,
				546CB7141EA0A2C60048ADAB /* Info.plist */,
			);
			name = "Supporting Files";
			sourceTree = "<group>";
		};
		546CB71A1EA0A57D0048ADAB /* Classes */ = {
			isa = PBXGroup;
			children = (
				546CB71B1EA0A57D0048ADAB /* Base */,
				546CB7341EA0A57D0048ADAB /* Show */,
				546CB72F1EA0A57D0048ADAB /* Profile */,
				546CB7251EA0A57D0048ADAB /* Live */,
				546CB71F1EA0A57D0048ADAB /* Launch */,
				546CB7241EA0A57D0048ADAB /* Lib */,
				546CB72A1EA0A57D0048ADAB /* Network */,
				546CB71C1EA0A57D0048ADAB /* Helper */,
				546CB72B1EA0A57D0048ADAB /* Other */,
			);
			path = Classes;
			sourceTree = "<group>";
		};
		546CB71B1EA0A57D0048ADAB /* Base */ = {
			isa = PBXGroup;
			children = (
				546CB7411EA0AC1B0048ADAB /* MXTabBarController.h */,
				546CB7421EA0AC1B0048ADAB /* MXTabBarController.m */,
				546CB7571EA0B6BD0048ADAB /* MXBaseNavigationController.h */,
				546CB7581EA0B6BD0048ADAB /* MXBaseNavigationController.m */,
				546CB7441EA0AC250048ADAB /* MXTabBar.h */,
				546CB7451EA0AC250048ADAB /* MXTabBar.m */,
				546CB7471EA0B5480048ADAB /* MXBaseViewController.h */,
				546CB7481EA0B5480048ADAB /* MXBaseViewController.m */,
				546CB77C1EA13EA80048ADAB /* MXBaseHandler.h */,
				546CB77D1EA13EA80048ADAB /* MXBaseHandler.m */,
			);
			path = Base;
			sourceTree = "<group>";
		};
		546CB71C1EA0A57D0048ADAB /* Helper */ = {
			isa = PBXGroup;
			children = (
				546CB71D1EA0A57D0048ADAB /* Category */,
				546CB71E1EA0A57D0048ADAB /* Tools */,
			);
			path = Helper;
			sourceTree = "<group>";
		};
		546CB71D1EA0A57D0048ADAB /* Category */ = {
			isa = PBXGroup;
			children = (
			);
			path = Category;
			sourceTree = "<group>";
		};
		546CB71E1EA0A57D0048ADAB /* Tools */ = {
			isa = PBXGroup;
			children = (
			);
			path = Tools;
			sourceTree = "<group>";
		};
		546CB71F1EA0A57D0048ADAB /* Launch */ = {
			isa = PBXGroup;
			children = (
				546CB7201EA0A57D0048ADAB /* Controller */,
				546CB7211EA0A57D0048ADAB /* Handler */,
				546CB7221EA0A57D0048ADAB /* Model */,
				546CB7231EA0A57D0048ADAB /* View */,
			);
			path = Launch;
			sourceTree = "<group>";
		};
		546CB7201EA0A57D0048ADAB /* Controller */ = {
			isa = PBXGroup;
			children = (
			);
			path = Controller;
			sourceTree = "<group>";
		};
		546CB7211EA0A57D0048ADAB /* Handler */ = {
			isa = PBXGroup;
			children = (
			);
			path = Handler;
			sourceTree = "<group>";
		};
		546CB7221EA0A57D0048ADAB /* Model */ = {
			isa = PBXGroup;
			children = (
			);
			path = Model;
			sourceTree = "<group>";
		};
		546CB7231EA0A57D0048ADAB /* View */ = {
			isa = PBXGroup;
			children = (
			);
			path = View;
			sourceTree = "<group>";
		};
		546CB7241EA0A57D0048ADAB /* Lib */ = {
			isa = PBXGroup;
			children = (
			);
			path = Lib;
			sourceTree = "<group>";
		};
		546CB7251EA0A57D0048ADAB /* Live */ = {
			isa = PBXGroup;
			children = (
				546CB7261EA0A57D0048ADAB /* Controller */,
				546CB7271EA0A57D0048ADAB /* Handler */,
				546CB7281EA0A57D0048ADAB /* Model */,
				546CB7291EA0A57D0048ADAB /* View */,
			);
			path = Live;
			sourceTree = "<group>";
		};
		546CB7261EA0A57D0048ADAB /* Controller */ = {
			isa = PBXGroup;
			children = (
				546CB75F1EA0C32F0048ADAB /* MXLaunchViewController.h */,
				546CB7601EA0C32F0048ADAB /* MXLaunchViewController.m */,
				546CB7611EA0C32F0048ADAB /* MXLaunchViewController.xib */,
			);
			path = Controller;
			sourceTree = "<group>";
		};
		546CB7271EA0A57D0048ADAB /* Handler */ = {
			isa = PBXGroup;
			children = (
			);
			path = Handler;
			sourceTree = "<group>";
		};
		546CB7281EA0A57D0048ADAB /* Model */ = {
			isa = PBXGroup;
			children = (
			);
			path = Model;
			sourceTree = "<group>";
		};
		546CB7291EA0A57D0048ADAB /* View */ = {
			isa = PBXGroup;
			children = (
			);
			path = View;
			sourceTree = "<group>";
		};
		546CB72A1EA0A57D0048ADAB /* Network */ = {
			isa = PBXGroup;
			children = (
				546CB7791EA13A240048ADAB /* KBHttpTool.h */,
				546CB77A1EA13A240048ADAB /* KBHttpTool.m */,
				546CB7761EA135330048ADAB /* MXAPIConfig.h */,
			);
			path = Network;
			sourceTree = "<group>";
		};
		546CB72B1EA0A57D0048ADAB /* Other */ = {
			isa = PBXGroup;
			children = (
				546CB72C1EA0A57D0048ADAB /* AppDelegate.h */,
				546CB72D1EA0A57D0048ADAB /* AppDelegate.m */,
				546CB73C1EA0AA710048ADAB /* Inke.pch */,
				546CB7401EA0AAF70048ADAB /* MXMacros.h */,
				546CB72E1EA0A57D0048ADAB /* main.m */,
			);
			path = Other;
			sourceTree = "<group>";
		};
		546CB72F1EA0A57D0048ADAB /* Profile */ = {
			isa = PBXGroup;
			children = (
				546CB7301EA0A57D0048ADAB /* Controller */,
				546CB7311EA0A57D0048ADAB /* Handler */,
				546CB7321EA0A57D0048ADAB /* Model */,
				546CB7331EA0A57D0048ADAB /* View */,
			);
			path = Profile;
			sourceTree = "<group>";
		};
		546CB7301EA0A57D0048ADAB /* Controller */ = {
			isa = PBXGroup;
			children = (
				546CB74F1EA0B5AE0048ADAB /* MXProfileViewController.h */,
				546CB7501EA0B5AE0048ADAB /* MXProfileViewController.m */,
				546CB7511EA0B5AE0048ADAB /* MXProfileViewController.xib */,
			);
			path = Controller;
			sourceTree = "<group>";
		};
		546CB7311EA0A57D0048ADAB /* Handler */ = {
			isa = PBXGroup;
			children = (
			);
			path = Handler;
			sourceTree = "<group>";
		};
		546CB7321EA0A57D0048ADAB /* Model */ = {
			isa = PBXGroup;
			children = (
			);
			path = Model;
			sourceTree = "<group>";
		};
		546CB7331EA0A57D0048ADAB /* View */ = {
			isa = PBXGroup;
			children = (
			);
			path = View;
			sourceTree = "<group>";
		};
		546CB7341EA0A57D0048ADAB /* Show */ = {
			isa = PBXGroup;
			children = (
				546CB7361EA0A57D0048ADAB /* Handler */,
				546CB7371EA0A57D0048ADAB /* Model */,
				546CB7381EA0A57D0048ADAB /* View */,
				546CB7351EA0A57D0048ADAB /* Controller */,
			);
			path = Show;
			sourceTree = "<group>";
		};
		546CB7351EA0A57D0048ADAB /* Controller */ = {
			isa = PBXGroup;
			children = (
				546CB74A1EA0B5A10048ADAB /* MXMainViewController.h */,
				546CB74B1EA0B5A10048ADAB /* MXMainViewController.m */,
				546CB74C1EA0B5A10048ADAB /* MXMainViewController.xib */,
				546CB7641EA0CA3F0048ADAB /* MXFocusViewController.h */,
				546CB7651EA0CA3F0048ADAB /* MXFocusViewController.m */,
				546CB7661EA0CA3F0048ADAB /* MXFocusViewController.xib */,
				546CB7691EA0CA4C0048ADAB /* MXHotViewController.h */,
				546CB76A1EA0CA4C0048ADAB /* MXHotViewController.m */,
				546CB76E1EA0CA570048ADAB /* MXNearViewController.h */,
				546CB76F1EA0CA570048ADAB /* MXNearViewController.m */,
				546CB7701EA0CA570048ADAB /* MXNearViewController.xib */,
				546CB7B61EA168400048ADAB /* MXPlayerViewController.h */,
				546CB7B71EA168400048ADAB /* MXPlayerViewController.m */,
			);
			path = Controller;
			sourceTree = "<group>";
		};
		546CB7361EA0A57D0048ADAB /* Handler */ = {
			isa = PBXGroup;
			children = (
				546CB77F1EA13F4A0048ADAB /* MXLiveHandler.h */,
				546CB7801EA13F4A0048ADAB /* MXLiveHandler.m */,
				546CB7821EA141BB0048ADAB /* MXNetworkEngine.h */,
				546CB7831EA141BB0048ADAB /* MXNetworkEngine.m */,
			);
			path = Handler;
			sourceTree = "<group>";
		};
		546CB7371EA0A57D0048ADAB /* Model */ = {
			isa = PBXGroup;
			children = (
				546CB7881EA1497F0048ADAB /* MXLive.h */,
				546CB7891EA1497F0048ADAB /* MXLive.m */,
				546CB78B1EA149C70048ADAB /* MXCreator.h */,
				546CB78C1EA149C70048ADAB /* MXCreator.m */,
				546CB78E1EA14A990048ADAB /* MXMJExtensionConfig.h */,
				546CB78F1EA14A990048ADAB /* MXMJExtensionConfig.m */,
			);
			path = Model;
			sourceTree = "<group>";
		};
		546CB7381EA0A57D0048ADAB /* View */ = {
			isa = PBXGroup;
			children = (
				546CB7731EA0D4C50048ADAB /* MXMainTopView.h */,
				546CB7741EA0D4C50048ADAB /* MXMainTopView.m */,
				546CB7911EA1501B0048ADAB /* MXLiveCell.h */,
				546CB7921EA1501B0048ADAB /* MXLiveCell.m */,
				546CB7931EA1501B0048ADAB /* MXLiveCell.xib */,
			);
			path = View;
			sourceTree = "<group>";
		};
		69A582D56B770B1B36670603 /* Pods */ = {
			isa = PBXGroup;
			children = (
				55B3FD7852124680F50FC64A /* Pods-MXInke.debug.xcconfig */,
				A7FF7D48EA1713139D26E958 /* Pods-MXInke.release.xcconfig */,
			);
			name = Pods;
			sourceTree = "<group>";
		};
/* End PBXGroup section */

/* Begin PBXNativeTarget section */
		546CB6FF1EA0A2C60048ADAB /* MXInke */ = {
			isa = PBXNativeTarget;
			buildConfigurationList = 546CB7171EA0A2C60048ADAB /* Build configuration list for PBXNativeTarget "MXInke" */;
			buildPhases = (
				4E3CB2A1F3B6F82998E1D664 /* [CP] Check Pods Manifest.lock */,
				546CB6FC1EA0A2C60048ADAB /* Sources */,
				546CB6FD1EA0A2C60048ADAB /* Frameworks */,
				546CB6FE1EA0A2C60048ADAB /* Resources */,
				1185DD7AE2513DBC985C9ED2 /* [CP] Embed Pods Frameworks */,
				A4564B32BD9CBE5C3B106208 /* [CP] Copy Pods Resources */,
			);
			buildRules = (
			);
			dependencies = (
			);
			name = MXInke;
			productName = MXInke;
			productReference = 546CB7001EA0A2C60048ADAB /* MXInke.app */;
			productType = "com.apple.product-type.application";
		};
/* End PBXNativeTarget section */

/* Begin PBXProject section */
		546CB6F81EA0A2C60048ADAB /* Project object */ = {
			isa = PBXProject;
			attributes = {
				CLASSPREFIX = MX;
				LastUpgradeCheck = 0810;
				ORGANIZATIONNAME = "迪拜葱油王子";
				TargetAttributes = {
					546CB6FF1EA0A2C60048ADAB = {
						CreatedOnToolsVersion = 8.1;
						DevelopmentTeam = 796DJH53UJ;
						ProvisioningStyle = Automatic;
					};
				};
			};
			buildConfigurationList = 546CB6FB1EA0A2C60048ADAB /* Build configuration list for PBXProject "MXInke" */;
			compatibilityVersion = "Xcode 3.2";
			developmentRegion = English;
			hasScannedForEncodings = 0;
			knownRegions = (
				en,
				Base,
			);
			mainGroup = 546CB6F71EA0A2C60048ADAB;
			productRefGroup = 546CB7011EA0A2C60048ADAB /* Products */;
			projectDirPath = "";
			projectRoot = "";
			targets = (
				546CB6FF1EA0A2C60048ADAB /* MXInke */,
			);
		};
/* End PBXProject section */

/* Begin PBXResourcesBuildPhase section */
		546CB6FE1EA0A2C60048ADAB /* Resources */ = {
			isa = PBXResourcesBuildPhase;
			buildActionMask = 2147483647;
			files = (
				546CB7131EA0A2C60048ADAB /* LaunchScreen.storyboard in Resources */,
				546CB7531EA0B5AE0048ADAB /* MXProfileViewController.xib in Resources */,
				546CB7951EA1501B0048ADAB /* MXLiveCell.xib in Resources */,
				546CB7631EA0C32F0048ADAB /* MXLaunchViewController.xib in Resources */,
				546CB7721EA0CA570048ADAB /* MXNearViewController.xib in Resources */,
				546CB7101EA0A2C60048ADAB /* Assets.xcassets in Resources */,
				546CB7681EA0CA3F0048ADAB /* MXFocusViewController.xib in Resources */,
				546CB74E1EA0B5A10048ADAB /* MXMainViewController.xib in Resources */,
			);
			runOnlyForDeploymentPostprocessing = 0;
		};
/* End PBXResourcesBuildPhase section */

/* Begin PBXShellScriptBuildPhase section */
		1185DD7AE2513DBC985C9ED2 /* [CP] Embed Pods Frameworks */ = {
			isa = PBXShellScriptBuildPhase;
			buildActionMask = 2147483647;
			files = (
			);
			inputPaths = (
			);
			name = "[CP] Embed Pods Frameworks";
			outputPaths = (
			);
			runOnlyForDeploymentPostprocessing = 0;
			shellPath = /bin/sh;
			shellScript = "\"${SRCROOT}/Pods/Target Support Files/Pods-MXInke/Pods-MXInke-frameworks.sh\"\n";
			showEnvVarsInLog = 0;
		};
		4E3CB2A1F3B6F82998E1D664 /* [CP] Check Pods Manifest.lock */ = {
			isa = PBXShellScriptBuildPhase;
			buildActionMask = 2147483647;
			files = (
			);
			inputPaths = (
			);
			name = "[CP] Check Pods Manifest.lock";
			outputPaths = (
			);
			runOnlyForDeploymentPostprocessing = 0;
			shellPath = /bin/sh;
			shellScript = "diff \"${PODS_ROOT}/../Podfile.lock\" \"${PODS_ROOT}/Manifest.lock\" > /dev/null\nif [ $? != 0 ] ; then\n    # print error to STDERR\n    echo \"error: The sandbox is not in sync with the Podfile.lock. Run 'pod install' or update your CocoaPods installation.\" >&2\n    exit 1\nfi\n";
			showEnvVarsInLog = 0;
		};
		A4564B32BD9CBE5C3B106208 /* [CP] Copy Pods Resources */ = {
			isa = PBXShellScriptBuildPhase;
			buildActionMask = 2147483647;
			files = (
			);
			inputPaths = (
			);
			name = "[CP] Copy Pods Resources";
			outputPaths = (
			);
			runOnlyForDeploymentPostprocessing = 0;
			shellPath = /bin/sh;
			shellScript = "\"${SRCROOT}/Pods/Target Support Files/Pods-MXInke/Pods-MXInke-resources.sh\"\n";
			showEnvVarsInLog = 0;
		};
/* End PBXShellScriptBuildPhase section */

/* Begin PBXSourcesBuildPhase section */
		546CB6FC1EA0A2C60048ADAB /* Sources */ = {
			isa = PBXSourcesBuildPhase;
			buildActionMask = 2147483647;
			files = (
				546CB7751EA0D4C50048ADAB /* MXMainTopView.m in Sources */,
				546CB7941EA1501B0048ADAB /* MXLiveCell.m in Sources */,
				546CB7841EA141BB0048ADAB /* MXNetworkEngine.m in Sources */,
				546CB7521EA0B5AE0048ADAB /* MXProfileViewController.m in Sources */,
				546CB76C1EA0CA4C0048ADAB /* MXHotViewController.m in Sources */,
				546CB7431EA0AC1B0048ADAB /* MXTabBarController.m in Sources */,
				546CB7671EA0CA3F0048ADAB /* MXFocusViewController.m in Sources */,
				546CB73A1EA0A57D0048ADAB /* main.m in Sources */,
				546CB77B1EA13A240048ADAB /* KBHttpTool.m in Sources */,
				546CB7591EA0B6BD0048ADAB /* MXBaseNavigationController.m in Sources */,
				546CB7461EA0AC250048ADAB /* MXTabBar.m in Sources */,
				546CB7711EA0CA570048ADAB /* MXNearViewController.m in Sources */,
				546CB78D1EA149C70048ADAB /* MXCreator.m in Sources */,
				546CB7491EA0B5480048ADAB /* MXBaseViewController.m in Sources */,
				546CB7621EA0C32F0048ADAB /* MXLaunchViewController.m in Sources */,
				546CB74D1EA0B5A10048ADAB /* MXMainViewController.m in Sources */,
				546CB7B81EA168400048ADAB /* MXPlayerViewController.m in Sources */,
				546CB7901EA14A990048ADAB /* MXMJExtensionConfig.m in Sources */,
				546CB7811EA13F4A0048ADAB /* MXLiveHandler.m in Sources */,
				546CB7391EA0A57D0048ADAB /* AppDelegate.m in Sources */,
				546CB78A1EA1497F0048ADAB /* MXLive.m in Sources */,
				546CB77E1EA13EA80048ADAB /* MXBaseHandler.m in Sources */,
			);
			runOnlyForDeploymentPostprocessing = 0;
		};
/* End PBXSourcesBuildPhase section */

/* Begin PBXVariantGroup section */
		546CB7111EA0A2C60048ADAB /* LaunchScreen.storyboard */ = {
			isa = PBXVariantGroup;
			children = (
				546CB7121EA0A2C60048ADAB /* Base */,
			);
			name = LaunchScreen.storyboard;
			sourceTree = "<group>";
		};
/* End PBXVariantGroup section */

/* Begin XCBuildConfiguration section */
		546CB7151EA0A2C60048ADAB /* Debug */ = {
			isa = XCBuildConfiguration;
			buildSettings = {
				ALWAYS_SEARCH_USER_PATHS = NO;
				CLANG_ANALYZER_NONNULL = YES;
				CLANG_CXX_LANGUAGE_STANDARD = "gnu++0x";
				CLANG_CXX_LIBRARY = "libc++";
				CLANG_ENABLE_MODULES = YES;
				CLANG_ENABLE_OBJC_ARC = YES;
				CLANG_WARN_BOOL_CONVERSION = YES;
				CLANG_WARN_CONSTANT_CONVERSION = YES;
				CLANG_WARN_DIRECT_OBJC_ISA_USAGE = YES_ERROR;
				CLANG_WARN_DOCUMENTATION_COMMENTS = YES;
				CLANG_WARN_EMPTY_BODY = YES;
				CLANG_WARN_ENUM_CONVERSION = YES;
				CLANG_WARN_INFINITE_RECURSION = YES;
				CLANG_WARN_INT_CONVERSION = YES;
				CLANG_WARN_OBJC_ROOT_CLASS = YES_ERROR;
				CLANG_WARN_SUSPICIOUS_MOVES = YES;
				CLANG_WARN_UNREACHABLE_CODE = YES;
				CLANG_WARN__DUPLICATE_METHOD_MATCH = YES;
				"CODE_SIGN_IDENTITY[sdk=iphoneos*]" = "iPhone Developer";
				COPY_PHASE_STRIP = NO;
				DEBUG_INFORMATION_FORMAT = dwarf;
				ENABLE_STRICT_OBJC_MSGSEND = YES;
				ENABLE_TESTABILITY = YES;
				GCC_C_LANGUAGE_STANDARD = gnu99;
				GCC_DYNAMIC_NO_PIC = NO;
				GCC_NO_COMMON_BLOCKS = YES;
				GCC_OPTIMIZATION_LEVEL = 0;
				GCC_PREPROCESSOR_DEFINITIONS = (
					"DEBUG=1",
					"$(inherited)",
				);
				GCC_WARN_64_TO_32_BIT_CONVERSION = YES;
				GCC_WARN_ABOUT_RETURN_TYPE = YES_ERROR;
				GCC_WARN_UNDECLARED_SELECTOR = YES;
				GCC_WARN_UNINITIALIZED_AUTOS = YES_AGGRESSIVE;
				GCC_WARN_UNUSED_FUNCTION = YES;
				GCC_WARN_UNUSED_VARIABLE = YES;
				IPHONEOS_DEPLOYMENT_TARGET = 10.1;
				MTL_ENABLE_DEBUG_INFO = YES;
				ONLY_ACTIVE_ARCH = YES;
				SDKROOT = iphoneos;
			};
			name = Debug;
		};
		546CB7161EA0A2C60048ADAB /* Release */ = {
			isa = XCBuildConfiguration;
			buildSettings = {
				ALWAYS_SEARCH_USER_PATHS = NO;
				CLANG_ANALYZER_NONNULL = YES;
				CLANG_CXX_LANGUAGE_STANDARD = "gnu++0x";
				CLANG_CXX_LIBRARY = "libc++";
				CLANG_ENABLE_MODULES = YES;
				CLANG_ENABLE_OBJC_ARC = YES;
				CLANG_WARN_BOOL_CONVERSION = YES;
				CLANG_WARN_CONSTANT_CONVERSION = YES;
				CLANG_WARN_DIRECT_OBJC_ISA_USAGE = YES_ERROR;
				CLANG_WARN_DOCUMENTATION_COMMENTS = YES;
				CLANG_WARN_EMPTY_BODY = YES;
				CLANG_WARN_ENUM_CONVERSION = YES;
				CLANG_WARN_INFINITE_RECURSION = YES;
				CLANG_WARN_INT_CONVERSION = YES;
				CLANG_WARN_OBJC_ROOT_CLASS = YES_ERROR;
				CLANG_WARN_SUSPICIOUS_MOVES = YES;
				CLANG_WARN_UNREACHABLE_CODE = YES;
				CLANG_WARN__DUPLICATE_METHOD_MATCH = YES;
				"CODE_SIGN_IDENTITY[sdk=iphoneos*]" = "iPhone Developer";
				COPY_PHASE_STRIP = NO;
				DEBUG_INFORMATION_FORMAT = "dwarf-with-dsym";
				ENABLE_NS_ASSERTIONS = NO;
				ENABLE_STRICT_OBJC_MSGSEND = YES;
				GCC_C_LANGUAGE_STANDARD = gnu99;
				GCC_NO_COMMON_BLOCKS = YES;
				GCC_WARN_64_TO_32_BIT_CONVERSION = YES;
				GCC_WARN_ABOUT_RETURN_TYPE = YES_ERROR;
				GCC_WARN_UNDECLARED_SELECTOR = YES;
				GCC_WARN_UNINITIALIZED_AUTOS = YES_AGGRESSIVE;
				GCC_WARN_UNUSED_FUNCTION = YES;
				GCC_WARN_UNUSED_VARIABLE = YES;
				IPHONEOS_DEPLOYMENT_TARGET = 10.1;
				MTL_ENABLE_DEBUG_INFO = NO;
				SDKROOT = iphoneos;
				VALIDATE_PRODUCT = YES;
			};
			name = Release;
		};
		546CB7181EA0A2C60048ADAB /* Debug */ = {
			isa = XCBuildConfiguration;
			baseConfigurationReference = 55B3FD7852124680F50FC64A /* Pods-MXInke.debug.xcconfig */;
			buildSettings = {
				ASSETCATALOG_COMPILER_APPICON_NAME = AppIcon;
				ASSETCATALOG_COMPILER_LAUNCHIMAGE_NAME = LaunchImage;
				DEVELOPMENT_TEAM = 796DJH53UJ;
				FRAMEWORK_SEARCH_PATHS = (
					"$(inherited)",
					"$(PROJECT_DIR)/MXInke/Classes",
					"$(PROJECT_DIR)",
				);
				GCC_PREFIX_HEADER = MXInke/Classes/Other/Inke.pch;
				INFOPLIST_FILE = MXInke/Info.plist;
				IPHONEOS_DEPLOYMENT_TARGET = 8.0;
				LD_RUNPATH_SEARCH_PATHS = "$(inherited) @executable_path/Frameworks";
				PRODUCT_BUNDLE_IDENTIFIER = com.dibaicongyouwangzi.MXInke;
				PRODUCT_NAME = "$(TARGET_NAME)";
			};
			name = Debug;
		};
		546CB7191EA0A2C60048ADAB /* Release */ = {
			isa = XCBuildConfiguration;
			baseConfigurationReference = A7FF7D48EA1713139D26E958 /* Pods-MXInke.release.xcconfig */;
			buildSettings = {
				ASSETCATALOG_COMPILER_APPICON_NAME = AppIcon;
				ASSETCATALOG_COMPILER_LAUNCHIMAGE_NAME = LaunchImage;
				DEVELOPMENT_TEAM = 796DJH53UJ;
				FRAMEWORK_SEARCH_PATHS = (
					"$(inherited)",
					"$(PROJECT_DIR)/MXInke/Classes",
					"$(PROJECT_DIR)",
				);
				GCC_PREFIX_HEADER = MXInke/Classes/Other/Inke.pch;
				INFOPLIST_FILE = MXInke/Info.plist;
				IPHONEOS_DEPLOYMENT_TARGET = 8.0;
				LD_RUNPATH_SEARCH_PATHS = "$(inherited) @executable_path/Frameworks";
				PRODUCT_BUNDLE_IDENTIFIER = com.dibaicongyouwangzi.MXInke;
				PRODUCT_NAME = "$(TARGET_NAME)";
			};
			name = Release;
		};
/* End XCBuildConfiguration section */

/* Begin XCConfigurationList section */
		546CB6FB1EA0A2C60048ADAB /* Build configuration list for PBXProject "MXInke" */ = {
			isa = XCConfigurationList;
			buildConfigurations = (
				546CB7151EA0A2C60048ADAB /* Debug */,
				546CB7161EA0A2C60048ADAB /* Release */,
			);
			defaultConfigurationIsVisible = 0;
			defaultConfigurationName = Release;
		};
		546CB7171EA0A2C60048ADAB /* Build configuration list for PBXNativeTarget "MXInke" */ = {
			isa = XCConfigurationList;
			buildConfigurations = (
				546CB7181EA0A2C60048ADAB /* Debug */,
				546CB7191EA0A2C60048ADAB /* Release */,
			);
			defaultConfigurationIsVisible = 0;
			defaultConfigurationName = Release;
		};
/* End XCConfigurationList section */
	};
	rootObject = 546CB6F81EA0A2C60048ADAB /* Project object */;
}
